// !$*UTF8*$!
{
	archiveVersion = 1;
	classes = {
	};
	objectVersion = 46;
	objects = {

/* Begin PBXBuildFile section */
		6A4EF2D417C485F000B14340 /* GameResultViewController.m in Sources */ = {isa = PBXBuildFile; fileRef = 6A4EF2D317C485F000B14340 /* GameResultViewController.m */; };
		6A4EF2D717C4881400B14340 /* GameResult.m in Sources */ = {isa = PBXBuildFile; fileRef = 6A4EF2D617C4881400B14340 /* GameResult.m */; };
		6AA68E2A17BB5DB8006F2D7D /* UIKit.framework in Frameworks */ = {isa = PBXBuildFile; fileRef = 6AA68E2917BB5DB8006F2D7D /* UIKit.framework */; };
		6AA68E2C17BB5DB8006F2D7D /* Foundation.framework in Frameworks */ = {isa = PBXBuildFile; fileRef = 6AA68E2B17BB5DB8006F2D7D /* Foundation.framework */; };
		6AA68E2E17BB5DB8006F2D7D /* CoreGraphics.framework in Frameworks */ = {isa = PBXBuildFile; fileRef = 6AA68E2D17BB5DB8006F2D7D /* CoreGraphics.framework */; };
		6AA68E3417BB5DB8006F2D7D /* InfoPlist.strings in Resources */ = {isa = PBXBuildFile; fileRef = 6AA68E3217BB5DB8006F2D7D /* InfoPlist.strings */; };
		6AA68E3617BB5DB8006F2D7D /* main.m in Sources */ = {isa = PBXBuildFile; fileRef = 6AA68E3517BB5DB8006F2D7D /* main.m */; };
		6AA68E3A17BB5DB8006F2D7D /* AppDelegate.m in Sources */ = {isa = PBXBuildFile; fileRef = 6AA68E3917BB5DB8006F2D7D /* AppDelegate.m */; };
		6AA68E3C17BB5DB8006F2D7D /* Default.png in Resources */ = {isa = PBXBuildFile; fileRef = 6AA68E3B17BB5DB8006F2D7D /* Default.png */; };
		6AA68E3E17BB5DB8006F2D7D /* Default@2x.png in Resources */ = {isa = PBXBuildFile; fileRef = 6AA68E3D17BB5DB8006F2D7D /* Default@2x.png */; };
		6AA68E4017BB5DB8006F2D7D /* Default-568h@2x.png in Resources */ = {isa = PBXBuildFile; fileRef = 6AA68E3F17BB5DB8006F2D7D /* Default-568h@2x.png */; };
		6AA68E4317BB5DB8006F2D7D /* MainStoryboard.storyboard in Resources */ = {isa = PBXBuildFile; fileRef = 6AA68E4117BB5DB8006F2D7D /* MainStoryboard.storyboard */; };
		6AA68E4617BB5DB8006F2D7D /* ViewController.m in Sources */ = {isa = PBXBuildFile; fileRef = 6AA68E4517BB5DB8006F2D7D /* ViewController.m */; };
		6AA68E4E17BB5E0E006F2D7D /* Deck.m in Sources */ = {isa = PBXBuildFile; fileRef = 6AA68E4D17BB5E0E006F2D7D /* Deck.m */; };
		6AA68E5117BB76F6006F2D7D /* PlayingCard.m in Sources */ = {isa = PBXBuildFile; fileRef = 6AA68E5017BB76F6006F2D7D /* PlayingCard.m */; };
		6AA68E5417BB770E006F2D7D /* Card.m in Sources */ = {isa = PBXBuildFile; fileRef = 6AA68E5317BB770E006F2D7D /* Card.m */; };
		6AA68E5817BB7B42006F2D7D /* PlayingCardDeck.m in Sources */ = {isa = PBXBuildFile; fileRef = 6AA68E5717BB7B42006F2D7D /* PlayingCardDeck.m */; };
		6AA68F1A17BCDE21006F2D7D /* CardMatchingGame.m in Sources */ = {isa = PBXBuildFile; fileRef = 6AA68F1917BCDE20006F2D7D /* CardMatchingGame.m */; };
/* End PBXBuildFile section */

/* Begin PBXFileReference section */
		6A4EF2D217C485F000B14340 /* GameResultViewController.h */ = {isa = PBXFileReference; fileEncoding = 4; lastKnownFileType = sourcecode.c.h; path = GameResultViewController.h; sourceTree = "<group>"; };
		6A4EF2D317C485F000B14340 /* GameResultViewController.m */ = {isa = PBXFileReference; fileEncoding = 4; lastKnownFileType = sourcecode.c.objc; path = GameResultViewController.m; sourceTree = "<group>"; };
		6A4EF2D517C4881400B14340 /* GameResult.h */ = {isa = PBXFileReference; fileEncoding = 4; lastKnownFileType = sourcecode.c.h; path = GameResult.h; sourceTree = "<group>"; };
		6A4EF2D617C4881400B14340 /* GameResult.m */ = {isa = PBXFileReference; fileEncoding = 4; lastKnownFileType = sourcecode.c.objc; path = GameResult.m; sourceTree = "<group>"; };
		6AA68E2617BB5DB8006F2D7D /* class2.app */ = {isa = PBXFileReference; explicitFileType = wrapper.application; includeInIndex = 0; path = class2.app; sourceTree = BUILT_PRODUCTS_DIR; };
		6AA68E2917BB5DB8006F2D7D /* UIKit.framework */ = {isa = PBXFileReference; lastKnownFileType = wrapper.framework; name = UIKit.framework; path = System/Library/Frameworks/UIKit.framework; sourceTree = SDKROOT; };
		6AA68E2B17BB5DB8006F2D7D /* Foundation.framework */ = {isa = PBXFileReference; lastKnownFileType = wrapper.framework; name = Foundation.framework; path = System/Library/Frameworks/Foundation.framework; sourceTree = SDKROOT; };
		6AA68E2D17BB5DB8006F2D7D /* CoreGraphics.framework */ = {isa = PBXFileReference; lastKnownFileType = wrapper.framework; name = CoreGraphics.framework; path = System/Library/Frameworks/CoreGraphics.framework; sourceTree = SDKROOT; };
		6AA68E3117BB5DB8006F2D7D /* class2-Info.plist */ = {isa = PBXFileReference; lastKnownFileType = text.plist.xml; path = "class2-Info.plist"; sourceTree = "<group>"; };
		6AA68E3317BB5DB8006F2D7D /* en */ = {isa = PBXFileReference; lastKnownFileType = text.plist.strings; name = en; path = en.lproj/InfoPlist.strings; sourceTree = "<group>"; };
		6AA68E3517BB5DB8006F2D7D /* main.m */ = {isa = PBXFileReference; lastKnownFileType = sourcecode.c.objc; path = main.m; sourceTree = "<group>"; };
		6AA68E3717BB5DB8006F2D7D /* class2-Prefix.pch */ = {isa = PBXFileReference; lastKnownFileType = sourcecode.c.h; path = "class2-Prefix.pch"; sourceTree = "<group>"; };
		6AA68E3817BB5DB8006F2D7D /* AppDelegate.h */ = {isa = PBXFileReference; lastKnownFileType = sourcecode.c.h; path = AppDelegate.h; sourceTree = "<group>"; };
		6AA68E3917BB5DB8006F2D7D /* AppDelegate.m */ = {isa = PBXFileReference; lastKnownFileType = sourcecode.c.objc; path = AppDelegate.m; sourceTree = "<group>"; };
		6AA68E3B17BB5DB8006F2D7D /* Default.png */ = {isa = PBXFileReference; lastKnownFileType = image.png; path = Default.png; sourceTree = "<group>"; };
		6AA68E3D17BB5DB8006F2D7D /* Default@2x.png */ = {isa = PBXFileReference; lastKnownFileType = image.png; path = "Default@2x.png"; sourceTree = "<group>"; };
		6AA68E3F17BB5DB8006F2D7D /* Default-568h@2x.png */ = {isa = PBXFileReference; lastKnownFileType = image.png; path = "Default-568h@2x.png"; sourceTree = "<group>"; };
		6AA68E4217BB5DB8006F2D7D /* en */ = {isa = PBXFileReference; lastKnownFileType = file.storyboard; name = en; path = en.lproj/MainStoryboard.storyboard; sourceTree = "<group>"; };
		6AA68E4417BB5DB8006F2D7D /* ViewController.h */ = {isa = PBXFileReference; lastKnownFileType = sourcecode.c.h; path = ViewController.h; sourceTree = "<group>"; };
		6AA68E4517BB5DB8006F2D7D /* ViewController.m */ = {isa = PBXFileReference; lastKnownFileType = sourcecode.c.objc; path = ViewController.m; sourceTree = "<group>"; };
		6AA68E4C17BB5E0E006F2D7D /* Deck.h */ = {isa = PBXFileReference; fileEncoding = 4; lastKnownFileType = sourcecode.c.h; name = Deck.h; path = Model/Deck.h; sourceTree = "<group>"; };
		6AA68E4D17BB5E0E006F2D7D /* Deck.m */ = {isa = PBXFileReference; fileEncoding = 4; lastKnownFileType = sourcecode.c.objc; name = Deck.m; path = Model/Deck.m; sourceTree = "<group>"; };
		6AA68E4F17BB76F6006F2D7D /* PlayingCard.h */ = {isa = PBXFileReference; fileEncoding = 4; lastKnownFileType = sourcecode.c.h; name = PlayingCard.h; path = Model/PlayingCard.h; sourceTree = "<group>"; };
		6AA68E5017BB76F6006F2D7D /* PlayingCard.m */ = {isa = PBXFileReference; fileEncoding = 4; lastKnownFileType = sourcecode.c.objc; name = PlayingCard.m; path = Model/PlayingCard.m; sourceTree = "<group>"; };
		6AA68E5217BB770E006F2D7D /* Card.h */ = {isa = PBXFileReference; fileEncoding = 4; lastKnownFileType = sourcecode.c.h; name = Card.h; path = Model/Card.h; sourceTree = "<group>"; };
		6AA68E5317BB770E006F2D7D /* Card.m */ = {isa = PBXFileReference; fileEncoding = 4; lastKnownFileType = sourcecode.c.objc; name = Card.m; path = Model/Card.m; sourceTree = "<group>"; };
		6AA68E5617BB7B42006F2D7D /* PlayingCardDeck.h */ = {isa = PBXFileReference; fileEncoding = 4; lastKnownFileType = sourcecode.c.h; name = PlayingCardDeck.h; path = Model/PlayingCardDeck.h; sourceTree = "<group>"; };
		6AA68E5717BB7B42006F2D7D /* PlayingCardDeck.m */ = {isa = PBXFileReference; fileEncoding = 4; lastKnownFileType = sourcecode.c.objc; name = PlayingCardDeck.m; path = Model/PlayingCardDeck.m; sourceTree = "<group>"; };
		6AA68F1817BCDE20006F2D7D /* CardMatchingGame.h */ = {isa = PBXFileReference; fileEncoding = 4; lastKnownFileType = sourcecode.c.h; name = CardMatchingGame.h; path = Model/CardMatchingGame.h; sourceTree = "<group>"; };
		6AA68F1917BCDE20006F2D7D /* CardMatchingGame.m */ = {isa = PBXFileReference; fileEncoding = 4; lastKnownFileType = sourcecode.c.objc; name = CardMatchingGame.m; path = Model/CardMatchingGame.m; sourceTree = "<group>"; };
/* End PBXFileReference section */

/* Begin PBXFrameworksBuildPhase section */
		6AA68E2317BB5DB8006F2D7D /* Frameworks */ = {
			isa = PBXFrameworksBuildPhase;
			buildActionMask = 2147483647;
			files = (
				6AA68E2A17BB5DB8006F2D7D /* UIKit.framework in Frameworks */,
				6AA68E2C17BB5DB8006F2D7D /* Foundation.framework in Frameworks */,
				6AA68E2E17BB5DB8006F2D7D /* CoreGraphics.framework in Frameworks */,
			);
			runOnlyForDeploymentPostprocessing = 0;
		};
/* End PBXFrameworksBuildPhase section */

/* Begin PBXGroup section */
		6AA68E1D17BB5DB8006F2D7D = {
			isa = PBXGroup;
			children = (
				6AA68E2F17BB5DB8006F2D7D /* class2 */,
				6AA68E2817BB5DB8006F2D7D /* Frameworks */,
				6AA68E2717BB5DB8006F2D7D /* Products */,
			);
			sourceTree = "<group>";
		};
		6AA68E2717BB5DB8006F2D7D /* Products */ = {
			isa = PBXGroup;
			children = (
				6AA68E2617BB5DB8006F2D7D /* class2.app */,
			);
			name = Products;
			sourceTree = "<group>";
		};
		6AA68E2817BB5DB8006F2D7D /* Frameworks */ = {
			isa = PBXGroup;
			children = (
				6AA68E2917BB5DB8006F2D7D /* UIKit.framework */,
				6AA68E2B17BB5DB8006F2D7D /* Foundation.framework */,
				6AA68E2D17BB5DB8006F2D7D /* CoreGraphics.framework */,
			);
			name = Frameworks;
			sourceTree = "<group>";
		};
		6AA68E2F17BB5DB8006F2D7D /* class2 */ = {
			isa = PBXGroup;
			children = (
				6AA68E3817BB5DB8006F2D7D /* AppDelegate.h */,
				6AA68E3917BB5DB8006F2D7D /* AppDelegate.m */,
				6AA68E4117BB5DB8006F2D7D /* MainStoryboard.storyboard */,
				6AA68E4417BB5DB8006F2D7D /* ViewController.h */,
				6AA68E4517BB5DB8006F2D7D /* ViewController.m */,
				6A4EF2D217C485F000B14340 /* GameResultViewController.h */,
				6A4EF2D317C485F000B14340 /* GameResultViewController.m */,
				6AA68E3017BB5DB8006F2D7D /* Supporting Files */,
				6AA68E5517BB7713006F2D7D /* Model */,
				6A4EF2D517C4881400B14340 /* GameResult.h */,
				6A4EF2D617C4881400B14340 /* GameResult.m */,
			);
			path = class2;
			sourceTree = "<group>";
		};
		6AA68E3017BB5DB8006F2D7D /* Supporting Files */ = {
			isa = PBXGroup;
			children = (
				6AA68E3117BB5DB8006F2D7D /* class2-Info.plist */,
				6AA68E3217BB5DB8006F2D7D /* InfoPlist.strings */,
				6AA68E3517BB5DB8006F2D7D /* main.m */,
				6AA68E3717BB5DB8006F2D7D /* class2-Prefix.pch */,
				6AA68E3B17BB5DB8006F2D7D /* Default.png */,
				6AA68E3D17BB5DB8006F2D7D /* Default@2x.png */,
				6AA68E3F17BB5DB8006F2D7D /* Default-568h@2x.png */,
			);
			name = "Supporting Files";
			sourceTree = "<group>";
		};
		6AA68E5517BB7713006F2D7D /* Model */ = {
			isa = PBXGroup;
			children = (
				6AA68E4C17BB5E0E006F2D7D /* Deck.h */,
				6AA68E4D17BB5E0E006F2D7D /* Deck.m */,
				6AA68E4F17BB76F6006F2D7D /* PlayingCard.h */,
				6AA68E5017BB76F6006F2D7D /* PlayingCard.m */,
				6AA68E5217BB770E006F2D7D /* Card.h */,
				6AA68E5317BB770E006F2D7D /* Card.m */,
				6AA68E5617BB7B42006F2D7D /* PlayingCardDeck.h */,
				6AA68E5717BB7B42006F2D7D /* PlayingCardDeck.m */,
				6AA68F1817BCDE20006F2D7D /* CardMatchingGame.h */,
				6AA68F1917BCDE20006F2D7D /* CardMatchingGame.m */,
			);
			name = Model;
			sourceTree = "<group>";
		};
/* End PBXGroup section */

/* Begin PBXNativeTarget section */
		6AA68E2517BB5DB8006F2D7D /* class2 */ = {
			isa = PBXNativeTarget;
			buildConfigurationList = 6AA68E4917BB5DB8006F2D7D /* Build configuration list for PBXNativeTarget "class2" */;
			buildPhases = (
				6AA68E2217BB5DB8006F2D7D /* Sources */,
				6AA68E2317BB5DB8006F2D7D /* Frameworks */,
				6AA68E2417BB5DB8006F2D7D /* Resources */,
			);
			buildRules = (
			);
			dependencies = (
			);
			name = class2;
			productName = class2;
			productReference = 6AA68E2617BB5DB8006F2D7D /* class2.app */;
			productType = "com.apple.product-type.application";
		};
/* End PBXNativeTarget section */

/* Begin PBXProject section */
		6AA68E1E17BB5DB8006F2D7D /* Project object */ = {
			isa = PBXProject;
			attributes = {
				LastUpgradeCheck = 0460;
				ORGANIZATIONNAME = jhihguan;
			};
			buildConfigurationList = 6AA68E2117BB5DB8006F2D7D /* Build configuration list for PBXProject "class2" */;
			compatibilityVersion = "Xcode 3.2";
			developmentRegion = English;
			hasScannedForEncodings = 0;
			knownRegions = (
				en,
			);
			mainGroup = 6AA68E1D17BB5DB8006F2D7D;
			productRefGroup = 6AA68E2717BB5DB8006F2D7D /* Products */;
			projectDirPath = "";
			projectRoot = "";
			targets = (
				6AA68E2517BB5DB8006F2D7D /* class2 */,
			);
		};
/* End PBXProject section */

/* Begin PBXResourcesBuildPhase section */
		6AA68E2417BB5DB8006F2D7D /* Resources */ = {
			isa = PBXResourcesBuildPhase;
			buildActionMask = 2147483647;
			files = (
				6AA68E3417BB5DB8006F2D7D /* InfoPlist.strings in Resources */,
				6AA68E3C17BB5DB8006F2D7D /* Default.png in Resources */,
				6AA68E3E17BB5DB8006F2D7D /* Default@2x.png in Resources */,
				6AA68E4017BB5DB8006F2D7D /* Default-568h@2x.png in Resources */,
				6AA68E4317BB5DB8006F2D7D /* MainStoryboard.storyboard in Resources */,
			);
			runOnlyForDeploymentPostprocessing = 0;
		};
/* End PBXResourcesBuildPhase section */

/* Begin PBXSourcesBuildPhase section */
		6AA68E2217BB5DB8006F2D7D /* Sources */ = {
			isa = PBXSourcesBuildPhase;
			buildActionMask = 2147483647;
			files = (
				6AA68E3617BB5DB8006F2D7D /* main.m in Sources */,
				6AA68E3A17BB5DB8006F2D7D /* AppDelegate.m in Sources */,
				6AA68E4617BB5DB8006F2D7D /* ViewController.m in Sources */,
				6AA68E4E17BB5E0E006F2D7D /* Deck.m in Sources */,
				6AA68E5117BB76F6006F2D7D /* PlayingCard.m in Sources */,
				6AA68E5417BB770E006F2D7D /* Card.m in Sources */,
				6AA68E5817BB7B42006F2D7D /* PlayingCardDeck.m in Sources */,
				6AA68F1A17BCDE21006F2D7D /* CardMatchingGame.m in Sources */,
				6A4EF2D417C485F000B14340 /* GameResultViewController.m in Sources */,
				6A4EF2D717C4881400B14340 /* GameResult.m in Sources */,
			);
			runOnlyForDeploymentPostprocessing = 0;
		};
/* End PBXSourcesBuildPhase section */

/* Begin PBXVariantGroup section */
		6AA68E3217BB5DB8006F2D7D /* InfoPlist.strings */ = {
			isa = PBXVariantGroup;
			children = (
				6AA68E3317BB5DB8006F2D7D /* en */,
			);
			name = InfoPlist.strings;
			sourceTree = "<group>";
		};
		6AA68E4117BB5DB8006F2D7D /* MainStoryboard.storyboard */ = {
			isa = PBXVariantGroup;
			children = (
				6AA68E4217BB5DB8006F2D7D /* en */,
			);
			name = MainStoryboard.storyboard;
			sourceTree = "<group>";
		};
/* End PBXVariantGroup section */

/* Begin XCBuildConfiguration section */
		6AA68E4717BB5DB8006F2D7D /* Debug */ = {
			isa = XCBuildConfiguration;
			buildSettings = {
				ALWAYS_SEARCH_USER_PATHS = NO;
				CLANG_CXX_LANGUAGE_STANDARD = "gnu++0x";
				CLANG_CXX_LIBRARY = "libc++";
				CLANG_ENABLE_OBJC_ARC = YES;
				CLANG_WARN_CONSTANT_CONVERSION = YES;
				CLANG_WARN_EMPTY_BODY = YES;
				CLANG_WARN_ENUM_CONVERSION = YES;
				CLANG_WARN_INT_CONVERSION = YES;
				CLANG_WARN__DUPLICATE_METHOD_MATCH = YES;
				"CODE_SIGN_IDENTITY[sdk=iphoneos*]" = "iPhone Developer";
				COPY_PHASE_STRIP = NO;
				GCC_C_LANGUAGE_STANDARD = gnu99;
				GCC_DYNAMIC_NO_PIC = NO;
				GCC_OPTIMIZATION_LEVEL = 0;
				GCC_PREPROCESSOR_DEFINITIONS = (
					"DEBUG=1",
					"$(inherited)",
				);
				GCC_SYMBOLS_PRIVATE_EXTERN = NO;
				GCC_WARN_ABOUT_RETURN_TYPE = YES;
				GCC_WARN_UNINITIALIZED_AUTOS = YES;
				GCC_WARN_UNUSED_VARIABLE = YES;
				IPHONEOS_DEPLOYMENT_TARGET = 6.1;
				ONLY_ACTIVE_ARCH = YES;
				SDKROOT = iphoneos;
			};
			name = Debug;
		};
		6AA68E4817BB5DB8006F2D7D /* Release */ = {
			isa = XCBuildConfiguration;
			buildSettings = {
				ALWAYS_SEARCH_USER_PATHS = NO;
				CLANG_CXX_LANGUAGE_STANDARD = "gnu++0x";
				CLANG_CXX_LIBRARY = "libc++";
				CLANG_ENABLE_OBJC_ARC = YES;
				CLANG_WARN_CONSTANT_CONVERSION = YES;
				CLANG_WARN_EMPTY_BODY = YES;
				CLANG_WARN_ENUM_CONVERSION = YES;
				CLANG_WARN_INT_CONVERSION = YES;
				CLANG_WARN__DUPLICATE_METHOD_MATCH = YES;
				"CODE_SIGN_IDENTITY[sdk=iphoneos*]" = "iPhone Developer";
				COPY_PHASE_STRIP = YES;
				GCC_C_LANGUAGE_STANDARD = gnu99;
				GCC_WARN_ABOUT_RETURN_TYPE = YES;
				GCC_WARN_UNINITIALIZED_AUTOS = YES;
				GCC_WARN_UNUSED_VARIABLE = YES;
				IPHONEOS_DEPLOYMENT_TARGET = 6.1;
				OTHER_CFLAGS = "-DNS_BLOCK_ASSERTIONS=1";
				SDKROOT = iphoneos;
				VALIDATE_PRODUCT = YES;
			};
			name = Release;
		};
		6AA68E4A17BB5DB8006F2D7D /* Debug */ = {
			isa = XCBuildConfiguration;
			buildSettings = {
				GCC_PRECOMPILE_PREFIX_HEADER = YES;
				GCC_PREFIX_HEADER = "class2/class2-Prefix.pch";
				INFOPLIST_FILE = "class2/class2-Info.plist";
				PRODUCT_NAME = "$(TARGET_NAME)";
				WRAPPER_EXTENSION = app;
			};
			name = Debug;
		};
		6AA68E4B17BB5DB8006F2D7D /* Release */ = {
			isa = XCBuildConfiguration;
			buildSettings = {
				GCC_PRECOMPILE_PREFIX_HEADER = YES;
				GCC_PREFIX_HEADER = "class2/class2-Prefix.pch";
				INFOPLIST_FILE = "class2/class2-Info.plist";
				PRODUCT_NAME = "$(TARGET_NAME)";
				WRAPPER_EXTENSION = app;
			};
			name = Release;
		};
/* End XCBuildConfiguration section */

/* Begin XCConfigurationList section */
		6AA68E2117BB5DB8006F2D7D /* Build configuration list for PBXProject "class2" */ = {
			isa = XCConfigurationList;
			buildConfigurations = (
				6AA68E4717BB5DB8006F2D7D /* Debug */,
				6AA68E4817BB5DB8006F2D7D /* Release */,
			);
			defaultConfigurationIsVisible = 0;
			defaultConfigurationName = Release;
		};
		6AA68E4917BB5DB8006F2D7D /* Build configuration list for PBXNativeTarget "class2" */ = {
			isa = XCConfigurationList;
			buildConfigurations = (
				6AA68E4A17BB5DB8006F2D7D /* Debug */,
				6AA68E4B17BB5DB8006F2D7D /* Release */,
			);
			defaultConfigurationIsVisible = 0;
			defaultConfigurationName = Release;
		};
/* End XCConfigurationList section */
	};
	rootObject = 6AA68E1E17BB5DB8006F2D7D /* Project object */;
}
